
Microsoft Visual Studio Solution File, Format Version 12.00
# Visual Studio Version 16
VisualStudioVersion = 16.0.31129.286
MinimumVisualStudioVersion = 10.0.40219.1
Project("{FAE04EC0-301F-11D3-BF4B-00C04F79EFBC}") = "day27_MVCPROJECT", "day27_MVCPROJECT\day27_MVCPROJECT.csproj", "{27909033-322B-43FA-8FC5-5444F8080994}"
EndProject
Global
	GlobalSection(SolutionConfigurationPlatforms) = preSolution
		Debug|Any CPU = Debug|Any CPU
		Release|Any CPU = Release|Any CPU
	EndGlobalSection
	GlobalSection(ProjectConfigurationPlatforms) = postSolution
		{27909033-322B-43FA-8FC5-5444F8080994}.Debug|Any CPU.ActiveCfg = Debug|Any CPU
		{27909033-322B-43FA-8FC5-5444F8080994}.Debug|Any CPU.Build.0 = Debug|Any CPU
		{27909033-322B-43FA-8FC5-5444F8080994}.Release|Any CPU.ActiveCfg = Release|Any CPU
		{27909033-322B-43FA-8FC5-5444F8080994}.Release|Any CPU.Build.0 = Release|Any CPU
	EndGlobalSection
	GlobalSection(SolutionProperties) = preSolution
		HideSolutionNode = FALSE
	EndGlobalSection
	GlobalSection(ExtensibilityGlobals) = postSolution
		SolutionGuid = {2728AC46-61BF-4B29-9BCE-09E348786E6B}
	EndGlobalSection
EndGlobal
